// !$*UTF8*$!
{
	archiveVersion = 1;
	classes = {
	};
	objectVersion = 46;
	objects = {

/* Begin PBXBuildFile section */
		F6F4D8491EF27D86008DF530 /* AppDelegate.swift in Sources */ = {isa = PBXBuildFile; fileRef = F6F4D8481EF27D86008DF530 /* AppDelegate.swift */; };
		F6F4D84B1EF27D86008DF530 /* ViewController.swift in Sources */ = {isa = PBXBuildFile; fileRef = F6F4D84A1EF27D86008DF530 /* ViewController.swift */; };
		F6F4D84E1EF27D86008DF530 /* Main.storyboard in Resources */ = {isa = PBXBuildFile; fileRef = F6F4D84C1EF27D86008DF530 /* Main.storyboard */; };
		F6F4D8501EF27D86008DF530 /* Assets.xcassets in Resources */ = {isa = PBXBuildFile; fileRef = F6F4D84F1EF27D86008DF530 /* Assets.xcassets */; };
		F6F4D8531EF27D86008DF530 /* LaunchScreen.storyboard in Resources */ = {isa = PBXBuildFile; fileRef = F6F4D8511EF27D86008DF530 /* LaunchScreen.storyboard */; };
		F6F4D85B1EF284A8008DF530 /* ColorsTableViewController.swift in Sources */ = {isa = PBXBuildFile; fileRef = F6F4D85A1EF284A8008DF530 /* ColorsTableViewController.swift */; };
/* End PBXBuildFile section */

/* Begin PBXFileReference section */
		F6F4D8451EF27D86008DF530 /* ViewsDemos2.app */ = {isa = PBXFileReference; explicitFileType = wrapper.application; includeInIndex = 0; path = ViewsDemos2.app; sourceTree = BUILT_PRODUCTS_DIR; };
		F6F4D8481EF27D86008DF530 /* AppDelegate.swift */ = {isa = PBXFileReference; lastKnownFileType = sourcecode.swift; path = AppDelegate.swift; sourceTree = "<group>"; };
		F6F4D84A1EF27D86008DF530 /* ViewController.swift */ = {isa = PBXFileReference; lastKnownFileType = sourcecode.swift; path = ViewController.swift; sourceTree = "<group>"; };
		F6F4D84D1EF27D86008DF530 /* Base */ = {isa = PBXFileReference; lastKnownFileType = file.storyboard; name = Base; path = Base.lproj/Main.storyboard; sourceTree = "<group>"; };
		F6F4D84F1EF27D86008DF530 /* Assets.xcassets */ = {isa = PBXFileReference; lastKnownFileType = folder.assetcatalog; path = Assets.xcassets; sourceTree = "<group>"; };
		F6F4D8521EF27D86008DF530 /* Base */ = {isa = PBXFileReference; lastKnownFileType = file.storyboard; name = Base; path = Base.lproj/LaunchScreen.storyboard; sourceTree = "<group>"; };
		F6F4D8541EF27D86008DF530 /* Info.plist */ = {isa = PBXFileReference; lastKnownFileType = text.plist.xml; path = Info.plist; sourceTree = "<group>"; };
		F6F4D85A1EF284A8008DF530 /* ColorsTableViewController.swift */ = {isa = PBXFileReference; fileEncoding = 4; lastKnownFileType = sourcecode.swift; path = ColorsTableViewController.swift; sourceTree = "<group>"; };
/* End PBXFileReference section */

/* Begin PBXFrameworksBuildPhase section */
		F6F4D8421EF27D86008DF530 /* Frameworks */ = {
			isa = PBXFrameworksBuildPhase;
			buildActionMask = 2147483647;
			files = (
			);
			runOnlyForDeploymentPostprocessing = 0;
		};
/* End PBXFrameworksBuildPhase section */

/* Begin PBXGroup section */
		F6F4D83C1EF27D86008DF530 = {
			isa = PBXGroup;
			children = (
				F6F4D8471EF27D86008DF530 /* ViewsDemos2 */,
				F6F4D8461EF27D86008DF530 /* Products */,
			);
			sourceTree = "<group>";
		};
		F6F4D8461EF27D86008DF530 /* Products */ = {
			isa = PBXGroup;
			children = (
				F6F4D8451EF27D86008DF530 /* ViewsDemos2.app */,
			);
			name = Products;
			sourceTree = "<group>";
		};
		F6F4D8471EF27D86008DF530 /* ViewsDemos2 */ = {
			isa = PBXGroup;
			children = (
				F6F4D8481EF27D86008DF530 /* AppDelegate.swift */,
				F6F4D84A1EF27D86008DF530 /* ViewController.swift */,
				F6F4D84C1EF27D86008DF530 /* Main.storyboard */,
				F6F4D84F1EF27D86008DF530 /* Assets.xcassets */,
				F6F4D8511EF27D86008DF530 /* LaunchScreen.storyboard */,
				F6F4D8541EF27D86008DF530 /* Info.plist */,
				F6F4D85A1EF284A8008DF530 /* ColorsTableViewController.swift */,
			);
			path = ViewsDemos2;
			sourceTree = "<group>";
		};
/* End PBXGroup section */

/* Begin PBXNativeTarget section */
		F6F4D8441EF27D86008DF530 /* ViewsDemos2 */ = {
			isa = PBXNativeTarget;
			buildConfigurationList = F6F4D8571EF27D86008DF530 /* Build configuration list for PBXNativeTarget "ViewsDemos2" */;
			buildPhases = (
				F6F4D8411EF27D86008DF530 /* Sources */,
				F6F4D8421EF27D86008DF530 /* Frameworks */,
				F6F4D8431EF27D86008DF530 /* Resources */,
			);
			buildRules = (
			);
			dependencies = (
			);
			name = ViewsDemos2;
			productName = ViewsDemos2;
			productReference = F6F4D8451EF27D86008DF530 /* ViewsDemos2.app */;
			productType = "com.apple.product-type.application";
		};
/* End PBXNativeTarget section */

/* Begin PBXProject section */
		F6F4D83D1EF27D86008DF530 /* Project object */ = {
			isa = PBXProject;
			attributes = {
				LastSwiftUpdateCheck = 0830;
				LastUpgradeCheck = 0830;
				ORGANIZATIONNAME = "Doncho Minkov";
				TargetAttributes = {
					F6F4D8441EF27D86008DF530 = {
						CreatedOnToolsVersion = 8.3.3;
						DevelopmentTeam = CR76LUA9WC;
						ProvisioningStyle = Automatic;
					};
				};
			};
			buildConfigurationList = F6F4D8401EF27D86008DF530 /* Build configuration list for PBXProject "ViewsDemos2" */;
			compatibilityVersion = "Xcode 3.2";
			developmentRegion = English;
			hasScannedForEncodings = 0;
			knownRegions = (
				en,
				Base,
			);
			mainGroup = F6F4D83C1EF27D86008DF530;
			productRefGroup = F6F4D8461EF27D86008DF530 /* Products */;
			projectDirPath = "";
			projectRoot = "";
			targets = (
				F6F4D8441EF27D86008DF530 /* ViewsDemos2 */,
			);
		};
/* End PBXProject section */

/* Begin PBXResourcesBuildPhase section */
		F6F4D8431EF27D86008DF530 /* Resources */ = {
			isa = PBXResourcesBuildPhase;
			buildActionMask = 2147483647;
			files = (
				F6F4D8531EF27D86008DF530 /* LaunchScreen.storyboard in Resources */,
				F6F4D8501EF27D86008DF530 /* Assets.xcassets in Resources */,
				F6F4D84E1EF27D86008DF530 /* Main.storyboard in Resources */,
			);
			runOnlyForDeploymentPostprocessing = 0;
		};
/* End PBXResourcesBuildPhase section */

/* Begin PBXSourcesBuildPhase section */
		F6F4D8411EF27D86008DF530 /* Sources */ = {
			isa = PBXSourcesBuildPhase;
			buildActionMask = 2147483647;
			files = (
				F6F4D84B1EF27D86008DF530 /* ViewController.swift in Sources */,
				F6F4D8491EF27D86008DF530 /* AppDelegate.swift in Sources */,
				F6F4D85B1EF284A8008DF530 /* ColorsTableViewController.swift in Sources */,
			);
			runOnlyForDeploymentPostprocessing = 0;
		};
/* End PBXSourcesBuildPhase section */

/* Begin PBXVariantGroup section */
		F6F4D84C1EF27D86008DF530 /* Main.storyboard */ = {
			isa = PBXVariantGroup;
			children = (
				F6F4D84D1EF27D86008DF530 /* Base */,
			);
			name = Main.storyboard;
			sourceTree = "<group>";
		};
		F6F4D8511EF27D86008DF530 /* LaunchScreen.storyboard */ = {
			isa = PBXVariantGroup;
			children = (
				F6F4D8521EF27D86008DF530 /* Base */,
			);
			name = LaunchScreen.storyboard;
			sourceTree = "<group>";
		};
/* End PBXVariantGroup section */

/* Begin XCBuildConfiguration section */
		F6F4D8551EF27D86008DF530 /* Debug */ = {
			isa = XCBuildConfiguration;
			buildSettings = {
				ALWAYS_SEARCH_USER_PATHS = NO;
				CLANG_ANALYZER_NONNULL = YES;
				CLANG_ANALYZER_NUMBER_OBJECT_CONVERSION = YES_AGGRESSIVE;
				CLANG_CXX_LANGUAGE_STANDARD = "gnu++0x";
				CLANG_CXX_LIBRARY = "libc++";
				CLANG_ENABLE_MODULES = YES;
				CLANG_ENABLE_OBJC_ARC = YES;
				CLANG_WARN_BOOL_CONVERSION = YES;
				CLANG_WARN_CONSTANT_CONVERSION = YES;
				CLANG_WARN_DIRECT_OBJC_ISA_USAGE = YES_ERROR;
				CLANG_WARN_DOCUMENTATION_COMMENTS = YES;
				CLANG_WARN_EMPTY_BODY = YES;
				CLANG_WARN_ENUM_CONVERSION = YES;
				CLANG_WARN_INFINITE_RECURSION = YES;
				CLANG_WARN_INT_CONVERSION = YES;
				CLANG_WARN_OBJC_ROOT_CLASS = YES_ERROR;
				CLANG_WARN_SUSPICIOUS_MOVE = YES;
				CLANG_WARN_UNREACHABLE_CODE = YES;
				CLANG_WARN__DUPLICATE_METHOD_MATCH = YES;
				"CODE_SIGN_IDENTITY[sdk=iphoneos*]" = "iPhone Developer";
				COPY_PHASE_STRIP = NO;
				DEBUG_INFORMATION_FORMAT = dwarf;
				ENABLE_STRICT_OBJC_MSGSEND = YES;
				ENABLE_TESTABILITY = YES;
				GCC_C_LANGUAGE_STANDARD = gnu99;
				GCC_DYNAMIC_NO_PIC = NO;
				GCC_NO_COMMON_BLOCKS = YES;
				GCC_OPTIMIZATION_LEVEL = 0;
				GCC_PREPROCESSOR_DEFINITIONS = (
					"DEBUG=1",
					"$(inherited)",
				);
				GCC_WARN_64_TO_32_BIT_CONVERSION = YES;
				GCC_WARN_ABOUT_RETURN_TYPE = YES_ERROR;
				GCC_WARN_UNDECLARED_SELECTOR = YES;
				GCC_WARN_UNINITIALIZED_AUTOS = YES_AGGRESSIVE;
				GCC_WARN_UNUSED_FUNCTION = YES;
				GCC_WARN_UNUSED_VARIABLE = YES;
				IPHONEOS_DEPLOYMENT_TARGET = 10.3;
				MTL_ENABLE_DEBUG_INFO = YES;
				ONLY_ACTIVE_ARCH = YES;
				SDKROOT = iphoneos;
				SWIFT_ACTIVE_COMPILATION_CONDITIONS = DEBUG;
				SWIFT_OPTIMIZATION_LEVEL = "-Onone";
				TARGETED_DEVICE_FAMILY = "1,2";
			};
			name = Debug;
		};
		F6F4D8561EF27D86008DF530 /* Release */ = {
			isa = XCBuildConfiguration;
			buildSettings = {
				ALWAYS_SEARCH_USER_PATHS = NO;
				CLANG_ANALYZER_NONNULL = YES;
				CLANG_ANALYZER_NUMBER_OBJECT_CONVERSION = YES_AGGRESSIVE;
				CLANG_CXX_LANGUAGE_STANDARD = "gnu++0x";
				CLANG_CXX_LIBRARY = "libc++";
				CLANG_ENABLE_MODULES = YES;
				CLANG_ENABLE_OBJC_ARC = YES;
				CLANG_WARN_BOOL_CONVERSION = YES;
				CLANG_WARN_CONSTANT_CONVERSION = YES;
				CLANG_WARN_DIRECT_OBJC_ISA_USAGE = YES_ERROR;
				CLANG_WARN_DOCUMENTATION_COMMENTS = YES;
				CLANG_WARN_EMPTY_BODY = YES;
				CLANG_WARN_ENUM_CONVERSION = YES;
				CLANG_WARN_INFINITE_RECURSION = YES;
				CLANG_WARN_INT_CONVERSION = YES;
				CLANG_WARN_OBJC_ROOT_CLASS = YES_ERROR;
				CLANG_WARN_SUSPICIOUS_MOVE = YES;
				CLANG_WARN_UNREACHABLE_CODE = YES;
				CLANG_WARN__DUPLICATE_METHOD_MATCH = YES;
				"CODE_SIGN_IDENTITY[sdk=iphoneos*]" = "iPhone Developer";
				COPY_PHASE_STRIP = NO;
				DEBUG_INFORMATION_FORMAT = "dwarf-with-dsym";
				ENABLE_NS_ASSERTIONS = NO;
				ENABLE_STRICT_OBJC_MSGSEND = YES;
				GCC_C_LANGUAGE_STANDARD = gnu99;
				GCC_NO_COMMON_BLOCKS = YES;
				GCC_WARN_64_TO_32_BIT_CONVERSION = YES;
				GCC_WARN_ABOUT_RETURN_TYPE = YES_ERROR;
				GCC_WARN_UNDECLARED_SELECTOR = YES;
				GCC_WARN_UNINITIALIZED_AUTOS = YES_AGGRESSIVE;
				GCC_WARN_UNUSED_FUNCTION = YES;
				GCC_WARN_UNUSED_VARIABLE = YES;
				IPHONEOS_DEPLOYMENT_TARGET = 10.3;
				MTL_ENABLE_DEBUG_INFO = NO;
				SDKROOT = iphoneos;
				SWIFT_OPTIMIZATION_LEVEL = "-Owholemodule";
				TARGETED_DEVICE_FAMILY = "1,2";
				VALIDATE_PRODUCT = YES;
			};
			name = Release;
		};
		F6F4D8581EF27D86008DF530 /* Debug */ = {
			isa = XCBuildConfiguration;
			buildSettings = {
				ASSETCATALOG_COMPILER_APPICON_NAME = AppIcon;
				DEVELOPMENT_TEAM = CR76LUA9WC;
				INFOPLIST_FILE = ViewsDemos2/Info.plist;
				IPHONEOS_DEPLOYMENT_TARGET = 10.3;
				LD_RUNPATH_SEARCH_PATHS = "$(inherited) @executable_path/Frameworks";
				PRODUCT_BUNDLE_IDENTIFIER = DM.ViewsDemos2;
				PRODUCT_NAME = "$(TARGET_NAME)";
				SWIFT_VERSION = 3.0;
			};
			name = Debug;
		};
		F6F4D8591EF27D86008DF530 /* Release */ = {
			isa = XCBuildConfiguration;
			buildSettings = {
				ASSETCATALOG_COMPILER_APPICON_NAME = AppIcon;
				DEVELOPMENT_TEAM = CR76LUA9WC;
				INFOPLIST_FILE = ViewsDemos2/Info.plist;
				IPHONEOS_DEPLOYMENT_TARGET = 10.3;
				LD_RUNPATH_SEARCH_PATHS = "$(inherited) @executable_path/Frameworks";
				PRODUCT_BUNDLE_IDENTIFIER = DM.ViewsDemos2;
				PRODUCT_NAME = "$(TARGET_NAME)";
				SWIFT_VERSION = 3.0;
			};
			name = Release;
		};
/* End XCBuildConfiguration section */

/* Begin XCConfigurationList section */
		F6F4D8401EF27D86008DF530 /* Build configuration list for PBXProject "ViewsDemos2" */ = {
			isa = XCConfigurationList;
			buildConfigurations = (
				F6F4D8551EF27D86008DF530 /* Debug */,
				F6F4D8561EF27D86008DF530 /* Release */,
			);
			defaultConfigurationIsVisible = 0;
			defaultConfigurationName = Release;
		};
		F6F4D8571EF27D86008DF530 /* Build configuration list for PBXNativeTarget "ViewsDemos2" */ = {
			isa = XCConfigurationList;
			buildConfigurations = (
				F6F4D8581EF27D86008DF530 /* Debug */,
				F6F4D8591EF27D86008DF530 /* Release */,
			);
			defaultConfigurationIsVisible = 0;
			defaultConfigurationName = Release;
		};
/* End XCConfigurationList section */
	};
	rootObject = F6F4D83D1EF27D86008DF530 /* Project object */;
}
